{
  "requires": true,
  "lockfileVersion": 1,
  "dependencies": {
    "dom7": {
      "version": "2.0.7",
      "resolved": "http://registry.npm.taobao.org/dom7/download/dom7-2.0.7.tgz",
      "integrity": "sha1-Q5QL/zYcwOXzjDSbBV/WDBAwm4k=",
      "requires": {
        "ssr-window": "1.0.1"
      }
    },
    "ssr-window": {
      "version": "1.0.1",
      "resolved": "http://registry.npm.taobao.org/ssr-window/download/ssr-window-1.0.1.tgz",
      "integrity": "sha1-MHUqakZm53Z/C35qpvwv29DZs2k="
    },
    "swiper": {
      "version": "4.3.5",
      "resolved": "http://registry.npm.taobao.org/swiper/download/swiper-4.3.5.tgz",
      "integrity": "sha1-QDadSHDmbNEOuYYjKa9juKWCrKE=",
      "requires": {
        "dom7": "2.0.7",
        "ssr-window": "1.0.1"
      }
    }
  }
}
